
Microsoft Visual Studio Solution File, Format Version 12.00
Project("{FAE04EC0-301F-11D3-BF4B-00C04F79EFBC}") = "taskForSolar", "taskForSolar\taskForSolar.csproj", "{4D4109F0-3564-4254-9963-7085F8586DCF}"
EndProject
Global
	GlobalSection(SolutionConfigurationPlatforms) = preSolution
		Debug|Any CPU = Debug|Any CPU
		Release|Any CPU = Release|Any CPU
	EndGlobalSection
	GlobalSection(ProjectConfigurationPlatforms) = postSolution
		{4D4109F0-3564-4254-9963-7085F8586DCF}.Debug|Any CPU.ActiveCfg = Debug|Any CPU
		{4D4109F0-3564-4254-9963-7085F8586DCF}.Debug|Any CPU.Build.0 = Debug|Any CPU
		{4D4109F0-3564-4254-9963-7085F8586DCF}.Release|Any CPU.ActiveCfg = Release|Any CPU
		{4D4109F0-3564-4254-9963-7085F8586DCF}.Release|Any CPU.Build.0 = Release|Any CPU
	EndGlobalSection
EndGlobal
